
Microsoft Visual Studio Solution File, Format Version 12.00
# Visual Studio 15
VisualStudioVersion = 15.0.28010.2003
MinimumVisualStudioVersion = 10.0.40219.1
Project("{FAE04EC0-301F-11D3-BF4B-00C04F79EFBC}") = "OishiTown", "OishiTown\OishiTown.csproj", "{75FF0FBC-C852-430F-8759-54FB53F71DC0}"
EndProject
Global
	GlobalSection(SolutionConfigurationPlatforms) = preSolution
		Debug|Any CPU = Debug|Any CPU
		Release|Any CPU = Release|Any CPU
	EndGlobalSection
	GlobalSection(ProjectConfigurationPlatforms) = postSolution
		{75FF0FBC-C852-430F-8759-54FB53F71DC0}.Debug|Any CPU.ActiveCfg = Debug|Any CPU
		{75FF0FBC-C852-430F-8759-54FB53F71DC0}.Debug|Any CPU.Build.0 = Debug|Any CPU
		{75FF0FBC-C852-430F-8759-54FB53F71DC0}.Release|Any CPU.ActiveCfg = Release|Any CPU
		{75FF0FBC-C852-430F-8759-54FB53F71DC0}.Release|Any CPU.Build.0 = Release|Any CPU
	EndGlobalSection
	GlobalSection(SolutionProperties) = preSolution
		HideSolutionNode = FALSE
	EndGlobalSection
	GlobalSection(ExtensibilityGlobals) = postSolution
		SolutionGuid = {046B4347-92C2-4FBB-847B-5BF26F4B5E8C}
	EndGlobalSection
EndGlobal
